// !$*UTF8*$!
{
	archiveVersion = 1;
	classes = {
	};
	objectVersion = 46;
	objects = {

/* Begin PBXBuildFile section */
		800B1AD91CDC512B00EA1C3D /* main.m in Sources */ = {isa = PBXBuildFile; fileRef = 800B1AD81CDC512B00EA1C3D /* main.m */; };
		800B1ADC1CDC512B00EA1C3D /* AppDelegate.m in Sources */ = {isa = PBXBuildFile; fileRef = 800B1ADB1CDC512B00EA1C3D /* AppDelegate.m */; };
		800B1AE21CDC512B00EA1C3D /* Main.storyboard in Resources */ = {isa = PBXBuildFile; fileRef = 800B1AE01CDC512B00EA1C3D /* Main.storyboard */; };
		800B1AE41CDC512B00EA1C3D /* Assets.xcassets in Resources */ = {isa = PBXBuildFile; fileRef = 800B1AE31CDC512B00EA1C3D /* Assets.xcassets */; };
		800B1AE71CDC512B00EA1C3D /* LaunchScreen.storyboard in Resources */ = {isa = PBXBuildFile; fileRef = 800B1AE51CDC512B00EA1C3D /* LaunchScreen.storyboard */; };
		800B1AF21CDC512B00EA1C3D /* Yahoo_QuotesTests.m in Sources */ = {isa = PBXBuildFile; fileRef = 800B1AF11CDC512B00EA1C3D /* Yahoo_QuotesTests.m */; };
		800B1AFD1CDC512B00EA1C3D /* Yahoo_QuotesUITests.m in Sources */ = {isa = PBXBuildFile; fileRef = 800B1AFC1CDC512B00EA1C3D /* Yahoo_QuotesUITests.m */; };
		800B1B1A1CDC88F600EA1C3D /* Makefile in Sources */ = {isa = PBXBuildFile; fileRef = 800B1B141CDC88F500EA1C3D /* Makefile */; };
		800B1B1B1CDC88F600EA1C3D /* Info.plist in Resources */ = {isa = PBXBuildFile; fileRef = 800B1B161CDC88F500EA1C3D /* Info.plist */; };
		800B1B1C1CDC88F600EA1C3D /* SRWebSocket.m in Sources */ = {isa = PBXBuildFile; fileRef = 800B1B191CDC88F600EA1C3D /* SRWebSocket.m */; };
		800B1B1E1CDC896C00EA1C3D /* libicucore.tbd in Frameworks */ = {isa = PBXBuildFile; fileRef = 800B1B1D1CDC896C00EA1C3D /* libicucore.tbd */; };
		800B1B201CDC897600EA1C3D /* CFNetwork.framework in Frameworks */ = {isa = PBXBuildFile; fileRef = 800B1B1F1CDC897600EA1C3D /* CFNetwork.framework */; };
		800B1B221CDC897C00EA1C3D /* Security.framework in Frameworks */ = {isa = PBXBuildFile; fileRef = 800B1B211CDC897C00EA1C3D /* Security.framework */; };
		800B1B241CDC898100EA1C3D /* Foundation.framework in Frameworks */ = {isa = PBXBuildFile; fileRef = 800B1B231CDC898100EA1C3D /* Foundation.framework */; };
		800B1B2A1CDC8A4300EA1C3D /* VertxConnectionManager.m in Sources */ = {isa = PBXBuildFile; fileRef = 800B1B291CDC8A4300EA1C3D /* VertxConnectionManager.m */; };
		800B1B2D1CDCAF4C00EA1C3D /* stockData.m in Sources */ = {isa = PBXBuildFile; fileRef = 800B1B2C1CDCAF4C00EA1C3D /* stockData.m */; };
		800B1B301CDCB29000EA1C3D /* QuoteViewController.m in Sources */ = {isa = PBXBuildFile; fileRef = 800B1B2F1CDCB29000EA1C3D /* QuoteViewController.m */; };
		800B1B471CDCBAFF00EA1C3D /* stockTableDataViewCell.m in Sources */ = {isa = PBXBuildFile; fileRef = 800B1B461CDCBAFF00EA1C3D /* stockTableDataViewCell.m */; };
		804DDCD21CE038D0004991D4 /* ButtonChg_Grn70x30.png in Resources */ = {isa = PBXBuildFile; fileRef = 804DDCCE1CE038D0004991D4 /* ButtonChg_Grn70x30.png */; };
		804DDCD31CE038D0004991D4 /* ButtonChg_Grn70x30@2x.png in Resources */ = {isa = PBXBuildFile; fileRef = 804DDCCF1CE038D0004991D4 /* ButtonChg_Grn70x30@2x.png */; };
		804DDCD41CE038D0004991D4 /* ButtonChg_Red70x30.png in Resources */ = {isa = PBXBuildFile; fileRef = 804DDCD01CE038D0004991D4 /* ButtonChg_Red70x30.png */; };
		804DDCD51CE038D0004991D4 /* ButtonChg_Red70x30@2x.png in Resources */ = {isa = PBXBuildFile; fileRef = 804DDCD11CE038D0004991D4 /* ButtonChg_Red70x30@2x.png */; };
		804DDCD81CE03A01004991D4 /* topbar_bg.png in Resources */ = {isa = PBXBuildFile; fileRef = 804DDCD61CE03A01004991D4 /* topbar_bg.png */; };
		804DDCD91CE03A01004991D4 /* topbar_bg@2x.png in Resources */ = {isa = PBXBuildFile; fileRef = 804DDCD71CE03A01004991D4 /* topbar_bg@2x.png */; };
		804DDCDE1CE03FA2004991D4 /* TableHeader.png in Resources */ = {isa = PBXBuildFile; fileRef = 804DDCDA1CE03FA2004991D4 /* TableHeader.png */; };
		804DDCDF1CE03FA2004991D4 /* TableHeader@2x.png in Resources */ = {isa = PBXBuildFile; fileRef = 804DDCDB1CE03FA2004991D4 /* TableHeader@2x.png */; };
		804DDCE01CE03FA2004991D4 /* topbar_bg_selected.png in Resources */ = {isa = PBXBuildFile; fileRef = 804DDCDC1CE03FA2004991D4 /* topbar_bg_selected.png */; };
		804DDCE11CE03FA2004991D4 /* topbar_bg_selected@2x.png in Resources */ = {isa = PBXBuildFile; fileRef = 804DDCDD1CE03FA2004991D4 /* topbar_bg_selected@2x.png */; };
		804DDCE81CE04034004991D4 /* Bolts.framework in Frameworks */ = {isa = PBXBuildFile; fileRef = 804DDCE61CE04034004991D4 /* Bolts.framework */; };
		804DDCE91CE04034004991D4 /* Parse.framework in Frameworks */ = {isa = PBXBuildFile; fileRef = 804DDCE71CE04034004991D4 /* Parse.framework */; };
		804DDD021CE04423004991D4 /* Contents.json in Resources */ = {isa = PBXBuildFile; fileRef = 804DDCEC1CE04423004991D4 /* Contents.json */; };
		804DDD031CE04423004991D4 /* Icon-40.png in Resources */ = {isa = PBXBuildFile; fileRef = 804DDCED1CE04423004991D4 /* Icon-40.png */; };
		804DDD041CE04423004991D4 /* Icon-40@2x.png in Resources */ = {isa = PBXBuildFile; fileRef = 804DDCEE1CE04423004991D4 /* Icon-40@2x.png */; };
		804DDD051CE04423004991D4 /* Icon-40@3x.png in Resources */ = {isa = PBXBuildFile; fileRef = 804DDCEF1CE04423004991D4 /* Icon-40@3x.png */; };
		804DDD061CE04423004991D4 /* Icon-60@2x.png in Resources */ = {isa = PBXBuildFile; fileRef = 804DDCF01CE04423004991D4 /* Icon-60@2x.png */; };
		804DDD071CE04423004991D4 /* Icon-60@3x.png in Resources */ = {isa = PBXBuildFile; fileRef = 804DDCF11CE04423004991D4 /* Icon-60@3x.png */; };
		804DDD081CE04423004991D4 /* Icon-76.png in Resources */ = {isa = PBXBuildFile; fileRef = 804DDCF21CE04423004991D4 /* Icon-76.png */; };
		804DDD091CE04423004991D4 /* Icon-76@2x.png in Resources */ = {isa = PBXBuildFile; fileRef = 804DDCF31CE04423004991D4 /* Icon-76@2x.png */; };
		804DDD0A1CE04423004991D4 /* Icon-83.5@2x.png in Resources */ = {isa = PBXBuildFile; fileRef = 804DDCF41CE04423004991D4 /* Icon-83.5@2x.png */; };
		804DDD0B1CE04423004991D4 /* Icon-Small.png in Resources */ = {isa = PBXBuildFile; fileRef = 804DDCF51CE04423004991D4 /* Icon-Small.png */; };
		804DDD0C1CE04423004991D4 /* Icon-Small@2x.png in Resources */ = {isa = PBXBuildFile; fileRef = 804DDCF61CE04423004991D4 /* Icon-Small@2x.png */; };
		804DDD0D1CE04423004991D4 /* Icon-Small@3x.png in Resources */ = {isa = PBXBuildFile; fileRef = 804DDCF71CE04423004991D4 /* Icon-Small@3x.png */; };
		804DDD0E1CE04423004991D4 /* Icon-60.png in Resources */ = {isa = PBXBuildFile; fileRef = 804DDCF81CE04423004991D4 /* Icon-60.png */; };
		804DDD0F1CE04423004991D4 /* Icon-72.png in Resources */ = {isa = PBXBuildFile; fileRef = 804DDCF91CE04423004991D4 /* Icon-72.png */; };
		804DDD101CE04423004991D4 /* Icon-72@2x.png in Resources */ = {isa = PBXBuildFile; fileRef = 804DDCFA1CE04423004991D4 /* Icon-72@2x.png */; };
		804DDD111CE04423004991D4 /* Icon-Small-50.png in Resources */ = {isa = PBXBuildFile; fileRef = 804DDCFB1CE04423004991D4 /* Icon-Small-50.png */; };
		804DDD121CE04423004991D4 /* Icon-Small-50@2x.png in Resources */ = {isa = PBXBuildFile; fileRef = 804DDCFC1CE04423004991D4 /* Icon-Small-50@2x.png */; };
		804DDD131CE04423004991D4 /* Icon.png in Resources */ = {isa = PBXBuildFile; fileRef = 804DDCFD1CE04423004991D4 /* Icon.png */; };
		804DDD141CE04423004991D4 /* Icon@2x.png in Resources */ = {isa = PBXBuildFile; fileRef = 804DDCFE1CE04423004991D4 /* Icon@2x.png */; };
		804DDD151CE04423004991D4 /* iTunesArtwork.png in Resources */ = {isa = PBXBuildFile; fileRef = 804DDCFF1CE04423004991D4 /* iTunesArtwork.png */; };
		804DDD161CE04423004991D4 /* iTunesArtwork@2x.png in Resources */ = {isa = PBXBuildFile; fileRef = 804DDD001CE04423004991D4 /* iTunesArtwork@2x.png */; };
		804DDD171CE04423004991D4 /* README.md in Sources */ = {isa = PBXBuildFile; fileRef = 804DDD011CE04423004991D4 /* README.md */; };
		8073B50E1CDF77E000D835E0 /* Launch.png in Resources */ = {isa = PBXBuildFile; fileRef = 8073B50D1CDF77E000D835E0 /* Launch.png */; };
		80A27A061CDD05B000002F9F /* SearchDisplayViewController.m in Sources */ = {isa = PBXBuildFile; fileRef = 80A27A051CDD05B000002F9F /* SearchDisplayViewController.m */; };
		80CEB5841CDD9196003F6368 /* quotes_enable.png in Resources */ = {isa = PBXBuildFile; fileRef = 80CEB5821CDD9196003F6368 /* quotes_enable.png */; };
		80CEB5851CDD9196003F6368 /* quotes_enable@2x.png in Resources */ = {isa = PBXBuildFile; fileRef = 80CEB5831CDD9196003F6368 /* quotes_enable@2x.png */; };
		80CEB5881CDD91CD003F6368 /* watchlist_enable.png in Resources */ = {isa = PBXBuildFile; fileRef = 80CEB5861CDD91CD003F6368 /* watchlist_enable.png */; };
		80CEB5891CDD91CD003F6368 /* watchlist_enable@2x.png in Resources */ = {isa = PBXBuildFile; fileRef = 80CEB5871CDD91CD003F6368 /* watchlist_enable@2x.png */; };
		80CEB58C1CDD9964003F6368 /* WatchlistViewController.m in Sources */ = {isa = PBXBuildFile; fileRef = 80CEB58B1CDD9964003F6368 /* WatchlistViewController.m */; };
		80CEB5911CDDCA07003F6368 /* Button_blue_click.png in Resources */ = {isa = PBXBuildFile; fileRef = 80CEB58D1CDDCA07003F6368 /* Button_blue_click.png */; };
		80CEB5921CDDCA07003F6368 /* Button_blue_normal.png in Resources */ = {isa = PBXBuildFile; fileRef = 80CEB58E1CDDCA07003F6368 /* Button_blue_normal.png */; };
		80CEB5931CDDCA07003F6368 /* Button_blue_click@2x.png in Resources */ = {isa = PBXBuildFile; fileRef = 80CEB58F1CDDCA07003F6368 /* Button_blue_click@2x.png */; };
		80CEB5941CDDCA07003F6368 /* Button_blue_normal@2x.png in Resources */ = {isa = PBXBuildFile; fileRef = 80CEB5901CDDCA07003F6368 /* Button_blue_normal@2x.png */; };
		80CEB5A31CDDF77C003F6368 /* AudioToolbox.framework in Frameworks */ = {isa = PBXBuildFile; fileRef = 80CEB5A21CDDF77C003F6368 /* AudioToolbox.framework */; };
		80CEB5A51CDDF78F003F6368 /* CoreGraphics.framework in Frameworks */ = {isa = PBXBuildFile; fileRef = 80CEB5A41CDDF78F003F6368 /* CoreGraphics.framework */; };
		80CEB5A71CDDF799003F6368 /* CoreLocation.framework in Frameworks */ = {isa = PBXBuildFile; fileRef = 80CEB5A61CDDF799003F6368 /* CoreLocation.framework */; };
		80CEB5A91CDDF7A3003F6368 /* QuartzCore.framework in Frameworks */ = {isa = PBXBuildFile; fileRef = 80CEB5A81CDDF7A3003F6368 /* QuartzCore.framework */; };
		80CEB5AB1CDDF7C6003F6368 /* StoreKit.framework in Frameworks */ = {isa = PBXBuildFile; fileRef = 80CEB5AA1CDDF7C6003F6368 /* StoreKit.framework */; };
		80CEB5AD1CDDF7D2003F6368 /* SystemConfiguration.framework in Frameworks */ = {isa = PBXBuildFile; fileRef = 80CEB5AC1CDDF7D2003F6368 /* SystemConfiguration.framework */; };
		80CEB5AF1CDDF7E4003F6368 /* libz.tbd in Frameworks */ = {isa = PBXBuildFile; fileRef = 80CEB5AE1CDDF7E4003F6368 /* libz.tbd */; };
		80CEB5B11CDDF7F7003F6368 /* libsqlite3.tbd in Frameworks */ = {isa = PBXBuildFile; fileRef = 80CEB5B01CDDF7F7003F6368 /* libsqlite3.tbd */; };
/* End PBXBuildFile section */

/* Begin PBXContainerItemProxy section */
		800B1AEE1CDC512B00EA1C3D /* PBXContainerItemProxy */ = {
			isa = PBXContainerItemProxy;
			containerPortal = 800B1ACC1CDC512B00EA1C3D /* Project object */;
			proxyType = 1;
			remoteGlobalIDString = 800B1AD31CDC512B00EA1C3D;
			remoteInfo = "Yahoo Quotes";
		};
		800B1AF91CDC512B00EA1C3D /* PBXContainerItemProxy */ = {
			isa = PBXContainerItemProxy;
			containerPortal = 800B1ACC1CDC512B00EA1C3D /* Project object */;
			proxyType = 1;
			remoteGlobalIDString = 800B1AD31CDC512B00EA1C3D;
			remoteInfo = "Yahoo Quotes";
		};
/* End PBXContainerItemProxy section */

/* Begin PBXFileReference section */
		800B1AD41CDC512B00EA1C3D /* Bursa Malaysia.app */ = {isa = PBXFileReference; explicitFileType = wrapper.application; includeInIndex = 0; path = "Bursa Malaysia.app"; sourceTree = BUILT_PRODUCTS_DIR; };
		800B1AD81CDC512B00EA1C3D /* main.m */ = {isa = PBXFileReference; lastKnownFileType = sourcecode.c.objc; path = main.m; sourceTree = "<group>"; };
		800B1ADA1CDC512B00EA1C3D /* AppDelegate.h */ = {isa = PBXFileReference; lastKnownFileType = sourcecode.c.h; path = AppDelegate.h; sourceTree = "<group>"; };
		800B1ADB1CDC512B00EA1C3D /* AppDelegate.m */ = {isa = PBXFileReference; lastKnownFileType = sourcecode.c.objc; path = AppDelegate.m; sourceTree = "<group>"; };
		800B1AE11CDC512B00EA1C3D /* Base */ = {isa = PBXFileReference; lastKnownFileType = file.storyboard; name = Base; path = Base.lproj/Main.storyboard; sourceTree = "<group>"; };
		800B1AE31CDC512B00EA1C3D /* Assets.xcassets */ = {isa = PBXFileReference; lastKnownFileType = folder.assetcatalog; path = Assets.xcassets; sourceTree = "<group>"; };
		800B1AE61CDC512B00EA1C3D /* Base */ = {isa = PBXFileReference; lastKnownFileType = file.storyboard; name = Base; path = Base.lproj/LaunchScreen.storyboard; sourceTree = "<group>"; };
		800B1AE81CDC512B00EA1C3D /* Info.plist */ = {isa = PBXFileReference; lastKnownFileType = text.plist.xml; path = Info.plist; sourceTree = "<group>"; };
		800B1AED1CDC512B00EA1C3D /* Bursa Malaysia.xctest */ = {isa = PBXFileReference; explicitFileType = wrapper.cfbundle; includeInIndex = 0; path = "Bursa Malaysia.xctest"; sourceTree = BUILT_PRODUCTS_DIR; };
		800B1AF11CDC512B00EA1C3D /* Yahoo_QuotesTests.m */ = {isa = PBXFileReference; lastKnownFileType = sourcecode.c.objc; path = Yahoo_QuotesTests.m; sourceTree = "<group>"; };
		800B1AF31CDC512B00EA1C3D /* Info.plist */ = {isa = PBXFileReference; lastKnownFileType = text.plist.xml; path = Info.plist; sourceTree = "<group>"; };
		800B1AF81CDC512B00EA1C3D /* Bursa Malaysia.xctest */ = {isa = PBXFileReference; explicitFileType = wrapper.cfbundle; includeInIndex = 0; path = "Bursa Malaysia.xctest"; sourceTree = BUILT_PRODUCTS_DIR; };
		800B1AFC1CDC512B00EA1C3D /* Yahoo_QuotesUITests.m */ = {isa = PBXFileReference; lastKnownFileType = sourcecode.c.objc; path = Yahoo_QuotesUITests.m; sourceTree = "<group>"; };
		800B1AFE1CDC512B00EA1C3D /* Info.plist */ = {isa = PBXFileReference; lastKnownFileType = text.plist.xml; path = Info.plist; sourceTree = "<group>"; };
		800B1B141CDC88F500EA1C3D /* Makefile */ = {isa = PBXFileReference; fileEncoding = 4; lastKnownFileType = sourcecode.make; path = Makefile; sourceTree = "<group>"; };
		800B1B161CDC88F500EA1C3D /* Info.plist */ = {isa = PBXFileReference; fileEncoding = 4; lastKnownFileType = text.plist.xml; path = Info.plist; sourceTree = "<group>"; };
		800B1B171CDC88F600EA1C3D /* SocketRocket.h */ = {isa = PBXFileReference; fileEncoding = 4; lastKnownFileType = sourcecode.c.h; path = SocketRocket.h; sourceTree = "<group>"; };
		800B1B181CDC88F600EA1C3D /* SRWebSocket.h */ = {isa = PBXFileReference; fileEncoding = 4; lastKnownFileType = sourcecode.c.h; path = SRWebSocket.h; sourceTree = "<group>"; };
		800B1B191CDC88F600EA1C3D /* SRWebSocket.m */ = {isa = PBXFileReference; fileEncoding = 4; lastKnownFileType = sourcecode.c.objc; path = SRWebSocket.m; sourceTree = "<group>"; };
		800B1B1D1CDC896C00EA1C3D /* libicucore.tbd */ = {isa = PBXFileReference; lastKnownFileType = "sourcecode.text-based-dylib-definition"; name = libicucore.tbd; path = usr/lib/libicucore.tbd; sourceTree = SDKROOT; };
		800B1B1F1CDC897600EA1C3D /* CFNetwork.framework */ = {isa = PBXFileReference; lastKnownFileType = wrapper.framework; name = CFNetwork.framework; path = System/Library/Frameworks/CFNetwork.framework; sourceTree = SDKROOT; };
		800B1B211CDC897C00EA1C3D /* Security.framework */ = {isa = PBXFileReference; lastKnownFileType = wrapper.framework; name = Security.framework; path = System/Library/Frameworks/Security.framework; sourceTree = SDKROOT; };
		800B1B231CDC898100EA1C3D /* Foundation.framework */ = {isa = PBXFileReference; lastKnownFileType = wrapper.framework; name = Foundation.framework; path = System/Library/Frameworks/Foundation.framework; sourceTree = SDKROOT; };
		800B1B281CDC8A4300EA1C3D /* VertxConnectionManager.h */ = {isa = PBXFileReference; fileEncoding = 4; lastKnownFileType = sourcecode.c.h; path = VertxConnectionManager.h; sourceTree = "<group>"; };
		800B1B291CDC8A4300EA1C3D /* VertxConnectionManager.m */ = {isa = PBXFileReference; fileEncoding = 4; lastKnownFileType = sourcecode.c.objc; path = VertxConnectionManager.m; sourceTree = "<group>"; };
		800B1B2B1CDCAF4C00EA1C3D /* stockData.h */ = {isa = PBXFileReference; fileEncoding = 4; lastKnownFileType = sourcecode.c.h; path = stockData.h; sourceTree = "<group>"; };
		800B1B2C1CDCAF4C00EA1C3D /* stockData.m */ = {isa = PBXFileReference; fileEncoding = 4; lastKnownFileType = sourcecode.c.objc; path = stockData.m; sourceTree = "<group>"; };
		800B1B2E1CDCB29000EA1C3D /* QuoteViewController.h */ = {isa = PBXFileReference; fileEncoding = 4; lastKnownFileType = sourcecode.c.h; path = QuoteViewController.h; sourceTree = "<group>"; };
		800B1B2F1CDCB29000EA1C3D /* QuoteViewController.m */ = {isa = PBXFileReference; fileEncoding = 4; lastKnownFileType = sourcecode.c.objc; path = QuoteViewController.m; sourceTree = "<group>"; };
		800B1B451CDCBAFF00EA1C3D /* stockTableDataViewCell.h */ = {isa = PBXFileReference; fileEncoding = 4; lastKnownFileType = sourcecode.c.h; path = stockTableDataViewCell.h; sourceTree = "<group>"; };
		800B1B461CDCBAFF00EA1C3D /* stockTableDataViewCell.m */ = {isa = PBXFileReference; fileEncoding = 4; lastKnownFileType = sourcecode.c.objc; path = stockTableDataViewCell.m; sourceTree = "<group>"; };
		804DDCCE1CE038D0004991D4 /* ButtonChg_Grn70x30.png */ = {isa = PBXFileReference; lastKnownFileType = image.png; path = ButtonChg_Grn70x30.png; sourceTree = "<group>"; };
		804DDCCF1CE038D0004991D4 /* ButtonChg_Grn70x30@2x.png */ = {isa = PBXFileReference; lastKnownFileType = image.png; path = "ButtonChg_Grn70x30@2x.png"; sourceTree = "<group>"; };
		804DDCD01CE038D0004991D4 /* ButtonChg_Red70x30.png */ = {isa = PBXFileReference; lastKnownFileType = image.png; path = ButtonChg_Red70x30.png; sourceTree = "<group>"; };
		804DDCD11CE038D0004991D4 /* ButtonChg_Red70x30@2x.png */ = {isa = PBXFileReference; lastKnownFileType = image.png; path = "ButtonChg_Red70x30@2x.png"; sourceTree = "<group>"; };
		804DDCD61CE03A01004991D4 /* topbar_bg.png */ = {isa = PBXFileReference; lastKnownFileType = image.png; path = topbar_bg.png; sourceTree = "<group>"; };
		804DDCD71CE03A01004991D4 /* topbar_bg@2x.png */ = {isa = PBXFileReference; lastKnownFileType = image.png; path = "topbar_bg@2x.png"; sourceTree = "<group>"; };
		804DDCDA1CE03FA2004991D4 /* TableHeader.png */ = {isa = PBXFileReference; lastKnownFileType = image.png; path = TableHeader.png; sourceTree = "<group>"; };
		804DDCDB1CE03FA2004991D4 /* TableHeader@2x.png */ = {isa = PBXFileReference; lastKnownFileType = image.png; path = "TableHeader@2x.png"; sourceTree = "<group>"; };
		804DDCDC1CE03FA2004991D4 /* topbar_bg_selected.png */ = {isa = PBXFileReference; lastKnownFileType = image.png; path = topbar_bg_selected.png; sourceTree = "<group>"; };
		804DDCDD1CE03FA2004991D4 /* topbar_bg_selected@2x.png */ = {isa = PBXFileReference; lastKnownFileType = image.png; path = "topbar_bg_selected@2x.png"; sourceTree = "<group>"; };
		804DDCE61CE04034004991D4 /* Bolts.framework */ = {isa = PBXFileReference; lastKnownFileType = wrapper.framework; path = Bolts.framework; sourceTree = "<group>"; };
		804DDCE71CE04034004991D4 /* Parse.framework */ = {isa = PBXFileReference; lastKnownFileType = wrapper.framework; path = Parse.framework; sourceTree = "<group>"; };
		804DDCEC1CE04423004991D4 /* Contents.json */ = {isa = PBXFileReference; fileEncoding = 4; lastKnownFileType = text.json; path = Contents.json; sourceTree = "<group>"; };
		804DDCED1CE04423004991D4 /* Icon-40.png */ = {isa = PBXFileReference; lastKnownFileType = image.png; path = "Icon-40.png"; sourceTree = "<group>"; };
		804DDCEE1CE04423004991D4 /* Icon-40@2x.png */ = {isa = PBXFileReference; lastKnownFileType = image.png; path = "Icon-40@2x.png"; sourceTree = "<group>"; };
		804DDCEF1CE04423004991D4 /* Icon-40@3x.png */ = {isa = PBXFileReference; lastKnownFileType = image.png; path = "Icon-40@3x.png"; sourceTree = "<group>"; };
		804DDCF01CE04423004991D4 /* Icon-60@2x.png */ = {isa = PBXFileReference; lastKnownFileType = image.png; path = "Icon-60@2x.png"; sourceTree = "<group>"; };
		804DDCF11CE04423004991D4 /* Icon-60@3x.png */ = {isa = PBXFileReference; lastKnownFileType = image.png; path = "Icon-60@3x.png"; sourceTree = "<group>"; };
		804DDCF21CE04423004991D4 /* Icon-76.png */ = {isa = PBXFileReference; lastKnownFileType = image.png; path = "Icon-76.png"; sourceTree = "<group>"; };
		804DDCF31CE04423004991D4 /* Icon-76@2x.png */ = {isa = PBXFileReference; lastKnownFileType = image.png; path = "Icon-76@2x.png"; sourceTree = "<group>"; };
		804DDCF41CE04423004991D4 /* Icon-83.5@2x.png */ = {isa = PBXFileReference; lastKnownFileType = image.png; path = "Icon-83.5@2x.png"; sourceTree = "<group>"; };
		804DDCF51CE04423004991D4 /* Icon-Small.png */ = {isa = PBXFileReference; lastKnownFileType = image.png; path = "Icon-Small.png"; sourceTree = "<group>"; };
		804DDCF61CE04423004991D4 /* Icon-Small@2x.png */ = {isa = PBXFileReference; lastKnownFileType = image.png; path = "Icon-Small@2x.png"; sourceTree = "<group>"; };
		804DDCF71CE04423004991D4 /* Icon-Small@3x.png */ = {isa = PBXFileReference; lastKnownFileType = image.png; path = "Icon-Small@3x.png"; sourceTree = "<group>"; };
		804DDCF81CE04423004991D4 /* Icon-60.png */ = {isa = PBXFileReference; lastKnownFileType = image.png; path = "Icon-60.png"; sourceTree = "<group>"; };
		804DDCF91CE04423004991D4 /* Icon-72.png */ = {isa = PBXFileReference; lastKnownFileType = image.png; path = "Icon-72.png"; sourceTree = "<group>"; };
		804DDCFA1CE04423004991D4 /* Icon-72@2x.png */ = {isa = PBXFileReference; lastKnownFileType = image.png; path = "Icon-72@2x.png"; sourceTree = "<group>"; };
		804DDCFB1CE04423004991D4 /* Icon-Small-50.png */ = {isa = PBXFileReference; lastKnownFileType = image.png; path = "Icon-Small-50.png"; sourceTree = "<group>"; };
		804DDCFC1CE04423004991D4 /* Icon-Small-50@2x.png */ = {isa = PBXFileReference; lastKnownFileType = image.png; path = "Icon-Small-50@2x.png"; sourceTree = "<group>"; };
		804DDCFD1CE04423004991D4 /* Icon.png */ = {isa = PBXFileReference; lastKnownFileType = image.png; path = Icon.png; sourceTree = "<group>"; };
		804DDCFE1CE04423004991D4 /* Icon@2x.png */ = {isa = PBXFileReference; lastKnownFileType = image.png; path = "Icon@2x.png"; sourceTree = "<group>"; };
		804DDCFF1CE04423004991D4 /* iTunesArtwork.png */ = {isa = PBXFileReference; lastKnownFileType = image.png; path = iTunesArtwork.png; sourceTree = "<group>"; };
		804DDD001CE04423004991D4 /* iTunesArtwork@2x.png */ = {isa = PBXFileReference; lastKnownFileType = image.png; path = "iTunesArtwork@2x.png"; sourceTree = "<group>"; };
		804DDD011CE04423004991D4 /* README.md */ = {isa = PBXFileReference; fileEncoding = 4; lastKnownFileType = net.daringfireball.markdown; path = README.md; sourceTree = "<group>"; };
		8073B50D1CDF77E000D835E0 /* Launch.png */ = {isa = PBXFileReference; lastKnownFileType = image.png; path = Launch.png; sourceTree = "<group>"; };
		80A27A041CDD05B000002F9F /* SearchDisplayViewController.h */ = {isa = PBXFileReference; fileEncoding = 4; lastKnownFileType = sourcecode.c.h; path = SearchDisplayViewController.h; sourceTree = "<group>"; };
		80A27A051CDD05B000002F9F /* SearchDisplayViewController.m */ = {isa = PBXFileReference; fileEncoding = 4; lastKnownFileType = sourcecode.c.objc; path = SearchDisplayViewController.m; sourceTree = "<group>"; };
		80CEB5821CDD9196003F6368 /* quotes_enable.png */ = {isa = PBXFileReference; lastKnownFileType = image.png; path = quotes_enable.png; sourceTree = "<group>"; };
		80CEB5831CDD9196003F6368 /* quotes_enable@2x.png */ = {isa = PBXFileReference; lastKnownFileType = image.png; path = "quotes_enable@2x.png"; sourceTree = "<group>"; };
		80CEB5861CDD91CD003F6368 /* watchlist_enable.png */ = {isa = PBXFileReference; lastKnownFileType = image.png; path = watchlist_enable.png; sourceTree = "<group>"; };
		80CEB5871CDD91CD003F6368 /* watchlist_enable@2x.png */ = {isa = PBXFileReference; lastKnownFileType = image.png; path = "watchlist_enable@2x.png"; sourceTree = "<group>"; };
		80CEB58A1CDD9964003F6368 /* WatchlistViewController.h */ = {isa = PBXFileReference; fileEncoding = 4; lastKnownFileType = sourcecode.c.h; path = WatchlistViewController.h; sourceTree = "<group>"; };
		80CEB58B1CDD9964003F6368 /* WatchlistViewController.m */ = {isa = PBXFileReference; fileEncoding = 4; lastKnownFileType = sourcecode.c.objc; path = WatchlistViewController.m; sourceTree = "<group>"; };
		80CEB58D1CDDCA07003F6368 /* Button_blue_click.png */ = {isa = PBXFileReference; lastKnownFileType = image.png; path = Button_blue_click.png; sourceTree = "<group>"; };
		80CEB58E1CDDCA07003F6368 /* Button_blue_normal.png */ = {isa = PBXFileReference; lastKnownFileType = image.png; path = Button_blue_normal.png; sourceTree = "<group>"; };
		80CEB58F1CDDCA07003F6368 /* Button_blue_click@2x.png */ = {isa = PBXFileReference; lastKnownFileType = image.png; path = "Button_blue_click@2x.png"; sourceTree = "<group>"; };
		80CEB5901CDDCA07003F6368 /* Button_blue_normal@2x.png */ = {isa = PBXFileReference; lastKnownFileType = image.png; path = "Button_blue_normal@2x.png"; sourceTree = "<group>"; };
		80CEB5A21CDDF77C003F6368 /* AudioToolbox.framework */ = {isa = PBXFileReference; lastKnownFileType = wrapper.framework; name = AudioToolbox.framework; path = System/Library/Frameworks/AudioToolbox.framework; sourceTree = SDKROOT; };
		80CEB5A41CDDF78F003F6368 /* CoreGraphics.framework */ = {isa = PBXFileReference; lastKnownFileType = wrapper.framework; name = CoreGraphics.framework; path = System/Library/Frameworks/CoreGraphics.framework; sourceTree = SDKROOT; };
		80CEB5A61CDDF799003F6368 /* CoreLocation.framework */ = {isa = PBXFileReference; lastKnownFileType = wrapper.framework; name = CoreLocation.framework; path = System/Library/Frameworks/CoreLocation.framework; sourceTree = SDKROOT; };
		80CEB5A81CDDF7A3003F6368 /* QuartzCore.framework */ = {isa = PBXFileReference; lastKnownFileType = wrapper.framework; name = QuartzCore.framework; path = System/Library/Frameworks/QuartzCore.framework; sourceTree = SDKROOT; };
		80CEB5AA1CDDF7C6003F6368 /* StoreKit.framework */ = {isa = PBXFileReference; lastKnownFileType = wrapper.framework; name = StoreKit.framework; path = System/Library/Frameworks/StoreKit.framework; sourceTree = SDKROOT; };
		80CEB5AC1CDDF7D2003F6368 /* SystemConfiguration.framework */ = {isa = PBXFileReference; lastKnownFileType = wrapper.framework; name = SystemConfiguration.framework; path = System/Library/Frameworks/SystemConfiguration.framework; sourceTree = SDKROOT; };
		80CEB5AE1CDDF7E4003F6368 /* libz.tbd */ = {isa = PBXFileReference; lastKnownFileType = "sourcecode.text-based-dylib-definition"; name = libz.tbd; path = usr/lib/libz.tbd; sourceTree = SDKROOT; };
		80CEB5B01CDDF7F7003F6368 /* libsqlite3.tbd */ = {isa = PBXFileReference; lastKnownFileType = "sourcecode.text-based-dylib-definition"; name = libsqlite3.tbd; path = usr/lib/libsqlite3.tbd; sourceTree = SDKROOT; };
/* End PBXFileReference section */

/* Begin PBXFrameworksBuildPhase section */
		800B1AD11CDC512B00EA1C3D /* Frameworks */ = {
			isa = PBXFrameworksBuildPhase;
			buildActionMask = 2147483647;
			files = (
				80CEB5B11CDDF7F7003F6368 /* libsqlite3.tbd in Frameworks */,
				80CEB5AF1CDDF7E4003F6368 /* libz.tbd in Frameworks */,
				80CEB5AD1CDDF7D2003F6368 /* SystemConfiguration.framework in Frameworks */,
				80CEB5AB1CDDF7C6003F6368 /* StoreKit.framework in Frameworks */,
				800B1B221CDC897C00EA1C3D /* Security.framework in Frameworks */,
				80CEB5A91CDDF7A3003F6368 /* QuartzCore.framework in Frameworks */,
				80CEB5A71CDDF799003F6368 /* CoreLocation.framework in Frameworks */,
				804DDCE81CE04034004991D4 /* Bolts.framework in Frameworks */,
				80CEB5A51CDDF78F003F6368 /* CoreGraphics.framework in Frameworks */,
				800B1B201CDC897600EA1C3D /* CFNetwork.framework in Frameworks */,
				804DDCE91CE04034004991D4 /* Parse.framework in Frameworks */,
				80CEB5A31CDDF77C003F6368 /* AudioToolbox.framework in Frameworks */,
				800B1B241CDC898100EA1C3D /* Foundation.framework in Frameworks */,
				800B1B1E1CDC896C00EA1C3D /* libicucore.tbd in Frameworks */,
			);
			runOnlyForDeploymentPostprocessing = 0;
		};
		800B1AEA1CDC512B00EA1C3D /* Frameworks */ = {
			isa = PBXFrameworksBuildPhase;
			buildActionMask = 2147483647;
			files = (
			);
			runOnlyForDeploymentPostprocessing = 0;
		};
		800B1AF51CDC512B00EA1C3D /* Frameworks */ = {
			isa = PBXFrameworksBuildPhase;
			buildActionMask = 2147483647;
			files = (
			);
			runOnlyForDeploymentPostprocessing = 0;
		};
/* End PBXFrameworksBuildPhase section */

/* Begin PBXGroup section */
		800B1ACB1CDC512B00EA1C3D = {
			isa = PBXGroup;
			children = (
				800B1AD61CDC512B00EA1C3D /* Bursa Malaysia */,
				800B1AF01CDC512B00EA1C3D /* Bursa MalaysiaTests */,
				800B1AFB1CDC512B00EA1C3D /* Bursa MalaysiaUITests */,
				800B1AD51CDC512B00EA1C3D /* Products */,
			);
			sourceTree = "<group>";
		};
		800B1AD51CDC512B00EA1C3D /* Products */ = {
			isa = PBXGroup;
			children = (
				800B1AD41CDC512B00EA1C3D /* Bursa Malaysia.app */,
				800B1AED1CDC512B00EA1C3D /* Bursa Malaysia.xctest */,
				800B1AF81CDC512B00EA1C3D /* Bursa Malaysia.xctest */,
			);
			name = Products;
			sourceTree = "<group>";
		};
		800B1AD61CDC512B00EA1C3D /* Bursa Malaysia */ = {
			isa = PBXGroup;
			children = (
				804DDD181CE06BDE004991D4 /* FeedAPI */,
				804DDD1A1CE06C5D004991D4 /* StockDataModel */,
				804DDD1B1CE071BA004991D4 /* Search */,
				804DDD1C1CE07479004991D4 /* Watchlist */,
				800B1B131CDC88F500EA1C3D /* SocketRocket */,
				804DDD1D1CE07489004991D4 /* MarketMovers */,
				800B1AD71CDC512B00EA1C3D /* Supporting Files */,
				800B1ADA1CDC512B00EA1C3D /* AppDelegate.h */,
				800B1ADB1CDC512B00EA1C3D /* AppDelegate.m */,
				800B1AE01CDC512B00EA1C3D /* Main.storyboard */,
				800B1AE51CDC512B00EA1C3D /* LaunchScreen.storyboard */,
				800B1AE31CDC512B00EA1C3D /* Assets.xcassets */,
			);
			name = "Bursa Malaysia";
			path = "Yahoo Quotes";
			sourceTree = "<group>";
		};
		800B1AD71CDC512B00EA1C3D /* Supporting Files */ = {
			isa = PBXGroup;
			children = (
				800B1AE81CDC512B00EA1C3D /* Info.plist */,
				804DDCE61CE04034004991D4 /* Bolts.framework */,
				804DDCE71CE04034004991D4 /* Parse.framework */,
				80CEB5B01CDDF7F7003F6368 /* libsqlite3.tbd */,
				80CEB5AE1CDDF7E4003F6368 /* libz.tbd */,
				80CEB5AC1CDDF7D2003F6368 /* SystemConfiguration.framework */,
				80CEB5AA1CDDF7C6003F6368 /* StoreKit.framework */,
				80CEB5A81CDDF7A3003F6368 /* QuartzCore.framework */,
				80CEB5A61CDDF799003F6368 /* CoreLocation.framework */,
				80CEB5A41CDDF78F003F6368 /* CoreGraphics.framework */,
				80CEB5A21CDDF77C003F6368 /* AudioToolbox.framework */,
				800B1B0A1CDC532F00EA1C3D /* Images */,
				800B1AD81CDC512B00EA1C3D /* main.m */,
			);
			name = "Supporting Files";
			sourceTree = "<group>";
		};
		800B1AF01CDC512B00EA1C3D /* Bursa MalaysiaTests */ = {
			isa = PBXGroup;
			children = (
				800B1AF11CDC512B00EA1C3D /* Yahoo_QuotesTests.m */,
				800B1AF31CDC512B00EA1C3D /* Info.plist */,
			);
			name = "Bursa MalaysiaTests";
			path = "Yahoo QuotesTests";
			sourceTree = "<group>";
		};
		800B1AFB1CDC512B00EA1C3D /* Bursa MalaysiaUITests */ = {
			isa = PBXGroup;
			children = (
				800B1AFC1CDC512B00EA1C3D /* Yahoo_QuotesUITests.m */,
				800B1AFE1CDC512B00EA1C3D /* Info.plist */,
			);
			name = "Bursa MalaysiaUITests";
			path = "Yahoo QuotesUITests";
			sourceTree = "<group>";
		};
		800B1B0A1CDC532F00EA1C3D /* Images */ = {
			isa = PBXGroup;
			children = (
				804DDCEA1CE04423004991D4 /* ios */,
				8073B50D1CDF77E000D835E0 /* Launch.png */,
				80CEB58D1CDDCA07003F6368 /* Button_blue_click.png */,
				80CEB58E1CDDCA07003F6368 /* Button_blue_normal.png */,
				80CEB58F1CDDCA07003F6368 /* Button_blue_click@2x.png */,
				80CEB5901CDDCA07003F6368 /* Button_blue_normal@2x.png */,
				804DDCCE1CE038D0004991D4 /* ButtonChg_Grn70x30.png */,
				804DDCCF1CE038D0004991D4 /* ButtonChg_Grn70x30@2x.png */,
				804DDCD01CE038D0004991D4 /* ButtonChg_Red70x30.png */,
				804DDCD11CE038D0004991D4 /* ButtonChg_Red70x30@2x.png */,
				80CEB5861CDD91CD003F6368 /* watchlist_enable.png */,
				80CEB5871CDD91CD003F6368 /* watchlist_enable@2x.png */,
				804DDCD61CE03A01004991D4 /* topbar_bg.png */,
				804DDCD71CE03A01004991D4 /* topbar_bg@2x.png */,
				80CEB5821CDD9196003F6368 /* quotes_enable.png */,
				80CEB5831CDD9196003F6368 /* quotes_enable@2x.png */,
				804DDCDA1CE03FA2004991D4 /* TableHeader.png */,
				804DDCDB1CE03FA2004991D4 /* TableHeader@2x.png */,
				804DDCDC1CE03FA2004991D4 /* topbar_bg_selected.png */,
				804DDCDD1CE03FA2004991D4 /* topbar_bg_selected@2x.png */,
			);
			name = Images;
			sourceTree = "<group>";
		};
		800B1B131CDC88F500EA1C3D /* SocketRocket */ = {
			isa = PBXGroup;
			children = (
				800B1B141CDC88F500EA1C3D /* Makefile */,
				800B1B151CDC88F500EA1C3D /* Resources */,
				800B1B171CDC88F600EA1C3D /* SocketRocket.h */,
				800B1B181CDC88F600EA1C3D /* SRWebSocket.h */,
				800B1B191CDC88F600EA1C3D /* SRWebSocket.m */,
			);
			path = SocketRocket;
			sourceTree = "<group>";
		};
		800B1B151CDC88F500EA1C3D /* Resources */ = {
			isa = PBXGroup;
			children = (
				800B1B231CDC898100EA1C3D /* Foundation.framework */,
				800B1B211CDC897C00EA1C3D /* Security.framework */,
				800B1B1F1CDC897600EA1C3D /* CFNetwork.framework */,
				800B1B1D1CDC896C00EA1C3D /* libicucore.tbd */,
				800B1B161CDC88F500EA1C3D /* Info.plist */,
			);
			path = Resources;
			sourceTree = "<group>";
		};
		804DDCEA1CE04423004991D4 /* ios */ = {
			isa = PBXGroup;
			children = (
				804DDCEB1CE04423004991D4 /* AppIcon.appiconset */,
				804DDCF81CE04423004991D4 /* Icon-60.png */,
				804DDCF91CE04423004991D4 /* Icon-72.png */,
				804DDCFA1CE04423004991D4 /* Icon-72@2x.png */,
				804DDCFB1CE04423004991D4 /* Icon-Small-50.png */,
				804DDCFC1CE04423004991D4 /* Icon-Small-50@2x.png */,
				804DDCFD1CE04423004991D4 /* Icon.png */,
				804DDCFE1CE04423004991D4 /* Icon@2x.png */,
				804DDCFF1CE04423004991D4 /* iTunesArtwork.png */,
				804DDD001CE04423004991D4 /* iTunesArtwork@2x.png */,
				804DDD011CE04423004991D4 /* README.md */,
			);
			path = ios;
			sourceTree = "<group>";
		};
		804DDCEB1CE04423004991D4 /* AppIcon.appiconset */ = {
			isa = PBXGroup;
			children = (
				804DDCEC1CE04423004991D4 /* Contents.json */,
				804DDCED1CE04423004991D4 /* Icon-40.png */,
				804DDCEE1CE04423004991D4 /* Icon-40@2x.png */,
				804DDCEF1CE04423004991D4 /* Icon-40@3x.png */,
				804DDCF01CE04423004991D4 /* Icon-60@2x.png */,
				804DDCF11CE04423004991D4 /* Icon-60@3x.png */,
				804DDCF21CE04423004991D4 /* Icon-76.png */,
				804DDCF31CE04423004991D4 /* Icon-76@2x.png */,
				804DDCF41CE04423004991D4 /* Icon-83.5@2x.png */,
				804DDCF51CE04423004991D4 /* Icon-Small.png */,
				804DDCF61CE04423004991D4 /* Icon-Small@2x.png */,
				804DDCF71CE04423004991D4 /* Icon-Small@3x.png */,
			);
			path = AppIcon.appiconset;
			sourceTree = "<group>";
		};
		804DDD181CE06BDE004991D4 /* FeedAPI */ = {
			isa = PBXGroup;
			children = (
				800B1B281CDC8A4300EA1C3D /* VertxConnectionManager.h */,
				800B1B291CDC8A4300EA1C3D /* VertxConnectionManager.m */,
			);
			name = FeedAPI;
			sourceTree = "<group>";
		};
		804DDD1A1CE06C5D004991D4 /* StockDataModel */ = {
			isa = PBXGroup;
			children = (
				800B1B2B1CDCAF4C00EA1C3D /* stockData.h */,
				800B1B2C1CDCAF4C00EA1C3D /* stockData.m */,
			);
			name = StockDataModel;
			sourceTree = "<group>";
		};
		804DDD1B1CE071BA004991D4 /* Search */ = {
			isa = PBXGroup;
			children = (
				80A27A041CDD05B000002F9F /* SearchDisplayViewController.h */,
				80A27A051CDD05B000002F9F /* SearchDisplayViewController.m */,
			);
			name = Search;
			sourceTree = "<group>";
		};
		804DDD1C1CE07479004991D4 /* Watchlist */ = {
			isa = PBXGroup;
			children = (
				80CEB58A1CDD9964003F6368 /* WatchlistViewController.h */,
				80CEB58B1CDD9964003F6368 /* WatchlistViewController.m */,
			);
			name = Watchlist;
			sourceTree = "<group>";
		};
		804DDD1D1CE07489004991D4 /* MarketMovers */ = {
			isa = PBXGroup;
			children = (
				800B1B2E1CDCB29000EA1C3D /* QuoteViewController.h */,
				800B1B2F1CDCB29000EA1C3D /* QuoteViewController.m */,
				800B1B451CDCBAFF00EA1C3D /* stockTableDataViewCell.h */,
				800B1B461CDCBAFF00EA1C3D /* stockTableDataViewCell.m */,
			);
			name = MarketMovers;
			sourceTree = "<group>";
		};
/* End PBXGroup section */

/* Begin PBXNativeTarget section */
		800B1AD31CDC512B00EA1C3D /* Bursa Malaysia */ = {
			isa = PBXNativeTarget;
			buildConfigurationList = 800B1B011CDC512B00EA1C3D /* Build configuration list for PBXNativeTarget "Bursa Malaysia" */;
			buildPhases = (
				800B1AD01CDC512B00EA1C3D /* Sources */,
				800B1AD11CDC512B00EA1C3D /* Frameworks */,
				800B1AD21CDC512B00EA1C3D /* Resources */,
			);
			buildRules = (
			);
			dependencies = (
			);
			name = "Bursa Malaysia";
			productName = "Yahoo Quotes";
			productReference = 800B1AD41CDC512B00EA1C3D /* Bursa Malaysia.app */;
			productType = "com.apple.product-type.application";
		};
		800B1AEC1CDC512B00EA1C3D /* Bursa MalaysiaTests */ = {
			isa = PBXNativeTarget;
			buildConfigurationList = 800B1B041CDC512B00EA1C3D /* Build configuration list for PBXNativeTarget "Bursa MalaysiaTests" */;
			buildPhases = (
				800B1AE91CDC512B00EA1C3D /* Sources */,
				800B1AEA1CDC512B00EA1C3D /* Frameworks */,
				800B1AEB1CDC512B00EA1C3D /* Resources */,
			);
			buildRules = (
			);
			dependencies = (
				800B1AEF1CDC512B00EA1C3D /* PBXTargetDependency */,
			);
			name = "Bursa MalaysiaTests";
			productName = "Yahoo QuotesTests";
			productReference = 800B1AED1CDC512B00EA1C3D /* Bursa Malaysia.xctest */;
			productType = "com.apple.product-type.bundle.unit-test";
		};
		800B1AF71CDC512B00EA1C3D /* Bursa MalaysiaUITests */ = {
			isa = PBXNativeTarget;
			buildConfigurationList = 800B1B071CDC512B00EA1C3D /* Build configuration list for PBXNativeTarget "Bursa MalaysiaUITests" */;
			buildPhases = (
				800B1AF41CDC512B00EA1C3D /* Sources */,
				800B1AF51CDC512B00EA1C3D /* Frameworks */,
				800B1AF61CDC512B00EA1C3D /* Resources */,
			);
			buildRules = (
			);
			dependencies = (
				800B1AFA1CDC512B00EA1C3D /* PBXTargetDependency */,
			);
			name = "Bursa MalaysiaUITests";
			productName = "Yahoo QuotesUITests";
			productReference = 800B1AF81CDC512B00EA1C3D /* Bursa Malaysia.xctest */;
			productType = "com.apple.product-type.bundle.ui-testing";
		};
/* End PBXNativeTarget section */

/* Begin PBXProject section */
		800B1ACC1CDC512B00EA1C3D /* Project object */ = {
			isa = PBXProject;
			attributes = {
				LastUpgradeCheck = 0730;
				ORGANIZATIONNAME = "Sri Ram";
				TargetAttributes = {
					800B1AD31CDC512B00EA1C3D = {
						CreatedOnToolsVersion = 7.3;
						DevelopmentTeam = 7FRCTE6LVT;
					};
					800B1AEC1CDC512B00EA1C3D = {
						CreatedOnToolsVersion = 7.3;
						TestTargetID = 800B1AD31CDC512B00EA1C3D;
					};
					800B1AF71CDC512B00EA1C3D = {
						CreatedOnToolsVersion = 7.3;
						TestTargetID = 800B1AD31CDC512B00EA1C3D;
					};
				};
			};
			buildConfigurationList = 800B1ACF1CDC512B00EA1C3D /* Build configuration list for PBXProject "Bursa Malaysia" */;
			compatibilityVersion = "Xcode 3.2";
			developmentRegion = English;
			hasScannedForEncodings = 0;
			knownRegions = (
				en,
				Base,
			);
			mainGroup = 800B1ACB1CDC512B00EA1C3D;
			productRefGroup = 800B1AD51CDC512B00EA1C3D /* Products */;
			projectDirPath = "";
			projectRoot = "";
			targets = (
				800B1AD31CDC512B00EA1C3D /* Bursa Malaysia */,
				800B1AEC1CDC512B00EA1C3D /* Bursa MalaysiaTests */,
				800B1AF71CDC512B00EA1C3D /* Bursa MalaysiaUITests */,
			);
		};
/* End PBXProject section */

/* Begin PBXResourcesBuildPhase section */
		800B1AD21CDC512B00EA1C3D /* Resources */ = {
			isa = PBXResourcesBuildPhase;
			buildActionMask = 2147483647;
			files = (
				804DDD111CE04423004991D4 /* Icon-Small-50.png in Resources */,
				804DDD0E1CE04423004991D4 /* Icon-60.png in Resources */,
				804DDCDF1CE03FA2004991D4 /* TableHeader@2x.png in Resources */,
				804DDD101CE04423004991D4 /* Icon-72@2x.png in Resources */,
				804DDD081CE04423004991D4 /* Icon-76.png in Resources */,
				804DDD141CE04423004991D4 /* Icon@2x.png in Resources */,
				80CEB5851CDD9196003F6368 /* quotes_enable@2x.png in Resources */,
				804DDCD81CE03A01004991D4 /* topbar_bg.png in Resources */,
				80CEB5841CDD9196003F6368 /* quotes_enable.png in Resources */,
				80CEB5891CDD91CD003F6368 /* watchlist_enable@2x.png in Resources */,
				80CEB5941CDDCA07003F6368 /* Button_blue_normal@2x.png in Resources */,
				804DDCD31CE038D0004991D4 /* ButtonChg_Grn70x30@2x.png in Resources */,
				804DDD0B1CE04423004991D4 /* Icon-Small.png in Resources */,
				804DDD021CE04423004991D4 /* Contents.json in Resources */,
				804DDCD91CE03A01004991D4 /* topbar_bg@2x.png in Resources */,
				800B1AE71CDC512B00EA1C3D /* LaunchScreen.storyboard in Resources */,
				80CEB5881CDD91CD003F6368 /* watchlist_enable.png in Resources */,
				804DDD061CE04423004991D4 /* Icon-60@2x.png in Resources */,
				804DDCD51CE038D0004991D4 /* ButtonChg_Red70x30@2x.png in Resources */,
				80CEB5911CDDCA07003F6368 /* Button_blue_click.png in Resources */,
				800B1B1B1CDC88F600EA1C3D /* Info.plist in Resources */,
				804DDD091CE04423004991D4 /* Icon-76@2x.png in Resources */,
				804DDD0A1CE04423004991D4 /* Icon-83.5@2x.png in Resources */,
				804DDCE01CE03FA2004991D4 /* topbar_bg_selected.png in Resources */,
				804DDD131CE04423004991D4 /* Icon.png in Resources */,
				804DDCD41CE038D0004991D4 /* ButtonChg_Red70x30.png in Resources */,
				804DDD0C1CE04423004991D4 /* Icon-Small@2x.png in Resources */,
				800B1AE41CDC512B00EA1C3D /* Assets.xcassets in Resources */,
				804DDD071CE04423004991D4 /* Icon-60@3x.png in Resources */,
				804DDCD21CE038D0004991D4 /* ButtonChg_Grn70x30.png in Resources */,
				804DDD121CE04423004991D4 /* Icon-Small-50@2x.png in Resources */,
				804DDD151CE04423004991D4 /* iTunesArtwork.png in Resources */,
				80CEB5921CDDCA07003F6368 /* Button_blue_normal.png in Resources */,
				8073B50E1CDF77E000D835E0 /* Launch.png in Resources */,
				800B1AE21CDC512B00EA1C3D /* Main.storyboard in Resources */,
				804DDCE11CE03FA2004991D4 /* topbar_bg_selected@2x.png in Resources */,
				804DDCDE1CE03FA2004991D4 /* TableHeader.png in Resources */,
				804DDD041CE04423004991D4 /* Icon-40@2x.png in Resources */,
				80CEB5931CDDCA07003F6368 /* Button_blue_click@2x.png in Resources */,
				804DDD0F1CE04423004991D4 /* Icon-72.png in Resources */,
				804DDD0D1CE04423004991D4 /* Icon-Small@3x.png in Resources */,
				804DDD031CE04423004991D4 /* Icon-40.png in Resources */,
				804DDD051CE04423004991D4 /* Icon-40@3x.png in Resources */,
				804DDD161CE04423004991D4 /* iTunesArtwork@2x.png in Resources */,
			);
			runOnlyForDeploymentPostprocessing = 0;
		};
		800B1AEB1CDC512B00EA1C3D /* Resources */ = {
			isa = PBXResourcesBuildPhase;
			buildActionMask = 2147483647;
			files = (
			);
			runOnlyForDeploymentPostprocessing = 0;
		};
		800B1AF61CDC512B00EA1C3D /* Resources */ = {
			isa = PBXResourcesBuildPhase;
			buildActionMask = 2147483647;
			files = (
			);
			runOnlyForDeploymentPostprocessing = 0;
		};
/* End PBXResourcesBuildPhase section */

/* Begin PBXSourcesBuildPhase section */
		800B1AD01CDC512B00EA1C3D /* Sources */ = {
			isa = PBXSourcesBuildPhase;
			buildActionMask = 2147483647;
			files = (
				800B1ADC1CDC512B00EA1C3D /* AppDelegate.m in Sources */,
				800B1B1C1CDC88F600EA1C3D /* SRWebSocket.m in Sources */,
				800B1B2A1CDC8A4300EA1C3D /* VertxConnectionManager.m in Sources */,
				80A27A061CDD05B000002F9F /* SearchDisplayViewController.m in Sources */,
				800B1B2D1CDCAF4C00EA1C3D /* stockData.m in Sources */,
				800B1B471CDCBAFF00EA1C3D /* stockTableDataViewCell.m in Sources */,
				80CEB58C1CDD9964003F6368 /* WatchlistViewController.m in Sources */,
				800B1B1A1CDC88F600EA1C3D /* Makefile in Sources */,
				800B1B301CDCB29000EA1C3D /* QuoteViewController.m in Sources */,
				804DDD171CE04423004991D4 /* README.md in Sources */,
				800B1AD91CDC512B00EA1C3D /* main.m in Sources */,
			);
			runOnlyForDeploymentPostprocessing = 0;
		};
		800B1AE91CDC512B00EA1C3D /* Sources */ = {
			isa = PBXSourcesBuildPhase;
			buildActionMask = 2147483647;
			files = (
				800B1AF21CDC512B00EA1C3D /* Yahoo_QuotesTests.m in Sources */,
			);
			runOnlyForDeploymentPostprocessing = 0;
		};
		800B1AF41CDC512B00EA1C3D /* Sources */ = {
			isa = PBXSourcesBuildPhase;
			buildActionMask = 2147483647;
			files = (
				800B1AFD1CDC512B00EA1C3D /* Yahoo_QuotesUITests.m in Sources */,
			);
			runOnlyForDeploymentPostprocessing = 0;
		};
/* End PBXSourcesBuildPhase section */

/* Begin PBXTargetDependency section */
		800B1AEF1CDC512B00EA1C3D /* PBXTargetDependency */ = {
			isa = PBXTargetDependency;
			target = 800B1AD31CDC512B00EA1C3D /* Bursa Malaysia */;
			targetProxy = 800B1AEE1CDC512B00EA1C3D /* PBXContainerItemProxy */;
		};
		800B1AFA1CDC512B00EA1C3D /* PBXTargetDependency */ = {
			isa = PBXTargetDependency;
			target = 800B1AD31CDC512B00EA1C3D /* Bursa Malaysia */;
			targetProxy = 800B1AF91CDC512B00EA1C3D /* PBXContainerItemProxy */;
		};
/* End PBXTargetDependency section */

/* Begin PBXVariantGroup section */
		800B1AE01CDC512B00EA1C3D /* Main.storyboard */ = {
			isa = PBXVariantGroup;
			children = (
				800B1AE11CDC512B00EA1C3D /* Base */,
			);
			name = Main.storyboard;
			sourceTree = "<group>";
		};
		800B1AE51CDC512B00EA1C3D /* LaunchScreen.storyboard */ = {
			isa = PBXVariantGroup;
			children = (
				800B1AE61CDC512B00EA1C3D /* Base */,
			);
			name = LaunchScreen.storyboard;
			sourceTree = "<group>";
		};
/* End PBXVariantGroup section */

/* Begin XCBuildConfiguration section */
		800B1AFF1CDC512B00EA1C3D /* Debug */ = {
			isa = XCBuildConfiguration;
			buildSettings = {
				ALWAYS_SEARCH_USER_PATHS = NO;
				CLANG_ANALYZER_NONNULL = YES;
				CLANG_CXX_LANGUAGE_STANDARD = "gnu++0x";
				CLANG_CXX_LIBRARY = "libc++";
				CLANG_ENABLE_MODULES = YES;
				CLANG_ENABLE_OBJC_ARC = YES;
				CLANG_WARN_BOOL_CONVERSION = YES;
				CLANG_WARN_CONSTANT_CONVERSION = YES;
				CLANG_WARN_DIRECT_OBJC_ISA_USAGE = YES_ERROR;
				CLANG_WARN_EMPTY_BODY = YES;
				CLANG_WARN_ENUM_CONVERSION = YES;
				CLANG_WARN_INT_CONVERSION = YES;
				CLANG_WARN_OBJC_ROOT_CLASS = YES_ERROR;
				CLANG_WARN_UNREACHABLE_CODE = YES;
				CLANG_WARN__DUPLICATE_METHOD_MATCH = YES;
				"CODE_SIGN_IDENTITY[sdk=iphoneos*]" = "iPhone Developer";
				COPY_PHASE_STRIP = NO;
				DEBUG_INFORMATION_FORMAT = dwarf;
				ENABLE_STRICT_OBJC_MSGSEND = YES;
				ENABLE_TESTABILITY = YES;
				GCC_C_LANGUAGE_STANDARD = gnu99;
				GCC_DYNAMIC_NO_PIC = NO;
				GCC_NO_COMMON_BLOCKS = YES;
				GCC_OPTIMIZATION_LEVEL = 0;
				GCC_PREPROCESSOR_DEFINITIONS = (
					"DEBUG=1",
					"$(inherited)",
				);
				GCC_WARN_64_TO_32_BIT_CONVERSION = YES;
				GCC_WARN_ABOUT_RETURN_TYPE = YES_ERROR;
				GCC_WARN_UNDECLARED_SELECTOR = YES;
				GCC_WARN_UNINITIALIZED_AUTOS = YES_AGGRESSIVE;
				GCC_WARN_UNUSED_FUNCTION = YES;
				GCC_WARN_UNUSED_VARIABLE = YES;
				IPHONEOS_DEPLOYMENT_TARGET = 9.0;
				MTL_ENABLE_DEBUG_INFO = YES;
				ONLY_ACTIVE_ARCH = YES;
				SDKROOT = iphoneos;
			};
			name = Debug;
		};
		800B1B001CDC512B00EA1C3D /* Release */ = {
			isa = XCBuildConfiguration;
			buildSettings = {
				ALWAYS_SEARCH_USER_PATHS = NO;
				CLANG_ANALYZER_NONNULL = YES;
				CLANG_CXX_LANGUAGE_STANDARD = "gnu++0x";
				CLANG_CXX_LIBRARY = "libc++";
				CLANG_ENABLE_MODULES = YES;
				CLANG_ENABLE_OBJC_ARC = YES;
				CLANG_WARN_BOOL_CONVERSION = YES;
				CLANG_WARN_CONSTANT_CONVERSION = YES;
				CLANG_WARN_DIRECT_OBJC_ISA_USAGE = YES_ERROR;
				CLANG_WARN_EMPTY_BODY = YES;
				CLANG_WARN_ENUM_CONVERSION = YES;
				CLANG_WARN_INT_CONVERSION = YES;
				CLANG_WARN_OBJC_ROOT_CLASS = YES_ERROR;
				CLANG_WARN_UNREACHABLE_CODE = YES;
				CLANG_WARN__DUPLICATE_METHOD_MATCH = YES;
				"CODE_SIGN_IDENTITY[sdk=iphoneos*]" = "iPhone Developer";
				COPY_PHASE_STRIP = NO;
				DEBUG_INFORMATION_FORMAT = "dwarf-with-dsym";
				ENABLE_NS_ASSERTIONS = NO;
				ENABLE_STRICT_OBJC_MSGSEND = YES;
				GCC_C_LANGUAGE_STANDARD = gnu99;
				GCC_NO_COMMON_BLOCKS = YES;
				GCC_WARN_64_TO_32_BIT_CONVERSION = YES;
				GCC_WARN_ABOUT_RETURN_TYPE = YES_ERROR;
				GCC_WARN_UNDECLARED_SELECTOR = YES;
				GCC_WARN_UNINITIALIZED_AUTOS = YES_AGGRESSIVE;
				GCC_WARN_UNUSED_FUNCTION = YES;
				GCC_WARN_UNUSED_VARIABLE = YES;
				IPHONEOS_DEPLOYMENT_TARGET = 9.0;
				MTL_ENABLE_DEBUG_INFO = NO;
				SDKROOT = iphoneos;
				VALIDATE_PRODUCT = YES;
			};
			name = Release;
		};
		800B1B021CDC512B00EA1C3D /* Debug */ = {
			isa = XCBuildConfiguration;
			buildSettings = {
				ASSETCATALOG_COMPILER_APPICON_NAME = AppIcon;
				CODE_SIGN_IDENTITY = "iPhone Developer";
				"CODE_SIGN_IDENTITY[sdk=iphoneos*]" = "iPhone Developer";
				FRAMEWORK_SEARCH_PATHS = (
					"$(inherited)",
					"$(PROJECT_DIR)/Yahoo",
					Quotes,
					"$(PROJECT_DIR)/Yahoo",
					Quotes,
					"$(PROJECT_DIR)/Yahoo",
					Quotes,
					"$(PROJECT_DIR)/Yahoo",
					Quotes,
				);
				INFOPLIST_FILE = "Yahoo Quotes/Info.plist";
				IPHONEOS_DEPLOYMENT_TARGET = 8.0;
				LD_RUNPATH_SEARCH_PATHS = "$(inherited) @executable_path/Frameworks";
				PRODUCT_BUNDLE_IDENTIFIER = com.sriram.bursamalaysia;
				PRODUCT_NAME = "Bursa Malaysia";
				PROVISIONING_PROFILE = "";
				TARGETED_DEVICE_FAMILY = 1;
			};
			name = Debug;
		};
		800B1B031CDC512B00EA1C3D /* Release */ = {
			isa = XCBuildConfiguration;
			buildSettings = {
				ASSETCATALOG_COMPILER_APPICON_NAME = AppIcon;
				CODE_SIGN_IDENTITY = "iPhone Developer";
				"CODE_SIGN_IDENTITY[sdk=iphoneos*]" = "iPhone Developer";
				FRAMEWORK_SEARCH_PATHS = (
					"$(inherited)",
					"$(PROJECT_DIR)/Yahoo",
					Quotes,
					"$(PROJECT_DIR)/Yahoo",
					Quotes,
					"$(PROJECT_DIR)/Yahoo",
					Quotes,
					"$(PROJECT_DIR)/Yahoo",
					Quotes,
				);
				INFOPLIST_FILE = "Yahoo Quotes/Info.plist";
				IPHONEOS_DEPLOYMENT_TARGET = 8.0;
				LD_RUNPATH_SEARCH_PATHS = "$(inherited) @executable_path/Frameworks";
				PRODUCT_BUNDLE_IDENTIFIER = com.sriram.bursamalaysia;
				PRODUCT_NAME = "Bursa Malaysia";
				PROVISIONING_PROFILE = "";
				TARGETED_DEVICE_FAMILY = 1;
			};
			name = Release;
		};
		800B1B051CDC512B00EA1C3D /* Debug */ = {
			isa = XCBuildConfiguration;
			buildSettings = {
				BUNDLE_LOADER = "$(TEST_HOST)";
				INFOPLIST_FILE = "Yahoo QuotesTests/Info.plist";
				LD_RUNPATH_SEARCH_PATHS = "$(inherited) @executable_path/Frameworks @loader_path/Frameworks";
				PRODUCT_BUNDLE_IDENTIFIER = "com.SriRam.YahooQuotes.Yahoo-QuotesTests";
				PRODUCT_NAME = "Bursa Malaysia";
				TEST_HOST = "$(BUILT_PRODUCTS_DIR)/Bursa Malaysia.app/Bursa Malaysia";
			};
			name = Debug;
		};
		800B1B061CDC512B00EA1C3D /* Release */ = {
			isa = XCBuildConfiguration;
			buildSettings = {
				BUNDLE_LOADER = "$(TEST_HOST)";
				INFOPLIST_FILE = "Yahoo QuotesTests/Info.plist";
				LD_RUNPATH_SEARCH_PATHS = "$(inherited) @executable_path/Frameworks @loader_path/Frameworks";
				PRODUCT_BUNDLE_IDENTIFIER = "com.SriRam.YahooQuotes.Yahoo-QuotesTests";
				PRODUCT_NAME = "Bursa Malaysia";
				TEST_HOST = "$(BUILT_PRODUCTS_DIR)/Bursa Malaysia.app/Bursa Malaysia";
			};
			name = Release;
		};
		800B1B081CDC512B00EA1C3D /* Debug */ = {
			isa = XCBuildConfiguration;
			buildSettings = {
				INFOPLIST_FILE = "Yahoo QuotesUITests/Info.plist";
				LD_RUNPATH_SEARCH_PATHS = "$(inherited) @executable_path/Frameworks @loader_path/Frameworks";
				PRODUCT_BUNDLE_IDENTIFIER = "com.SriRam.YahooQuotes.Yahoo-QuotesUITests";
				PRODUCT_NAME = "Bursa Malaysia";
				TEST_TARGET_NAME = "Yahoo Quotes";
			};
			name = Debug;
		};
		800B1B091CDC512B00EA1C3D /* Release */ = {
			isa = XCBuildConfiguration;
			buildSettings = {
				INFOPLIST_FILE = "Yahoo QuotesUITests/Info.plist";
				LD_RUNPATH_SEARCH_PATHS = "$(inherited) @executable_path/Frameworks @loader_path/Frameworks";
				PRODUCT_BUNDLE_IDENTIFIER = "com.SriRam.YahooQuotes.Yahoo-QuotesUITests";
				PRODUCT_NAME = "Bursa Malaysia";
				TEST_TARGET_NAME = "Yahoo Quotes";
			};
			name = Release;
		};
/* End XCBuildConfiguration section */

/* Begin XCConfigurationList section */
		800B1ACF1CDC512B00EA1C3D /* Build configuration list for PBXProject "Bursa Malaysia" */ = {
			isa = XCConfigurationList;
			buildConfigurations = (
				800B1AFF1CDC512B00EA1C3D /* Debug */,
				800B1B001CDC512B00EA1C3D /* Release */,
			);
			defaultConfigurationIsVisible = 0;
			defaultConfigurationName = Release;
		};
		800B1B011CDC512B00EA1C3D /* Build configuration list for PBXNativeTarget "Bursa Malaysia" */ = {
			isa = XCConfigurationList;
			buildConfigurations = (
				800B1B021CDC512B00EA1C3D /* Debug */,
				800B1B031CDC512B00EA1C3D /* Release */,
			);
			defaultConfigurationIsVisible = 0;
			defaultConfigurationName = Release;
		};
		800B1B041CDC512B00EA1C3D /* Build configuration list for PBXNativeTarget "Bursa MalaysiaTests" */ = {
			isa = XCConfigurationList;
			buildConfigurations = (
				800B1B051CDC512B00EA1C3D /* Debug */,
				800B1B061CDC512B00EA1C3D /* Release */,
			);
			defaultConfigurationIsVisible = 0;
			defaultConfigurationName = Release;
		};
		800B1B071CDC512B00EA1C3D /* Build configuration list for PBXNativeTarget "Bursa MalaysiaUITests" */ = {
			isa = XCConfigurationList;
			buildConfigurations = (
				800B1B081CDC512B00EA1C3D /* Debug */,
				800B1B091CDC512B00EA1C3D /* Release */,
			);
			defaultConfigurationIsVisible = 0;
			defaultConfigurationName = Release;
		};
/* End XCConfigurationList section */
	};
	rootObject = 800B1ACC1CDC512B00EA1C3D /* Project object */;
}
